
Microsoft Visual Studio Solution File, Format Version 12.00
# Visual Studio Version 17
VisualStudioVersion = 17.11.35312.102
MinimumVisualStudioVersion = 10.0.40219.1
Project("{FAE04EC0-301F-11D3-BF4B-00C04F79EFBC}") = "Middleware", "Middleware\Middleware.csproj", "{463098E9-DC81-4CC1-A646-8A959BB0E0C7}"
EndProject
Global
	GlobalSection(SolutionConfigurationPlatforms) = preSolution
		Debug|Any CPU = Debug|Any CPU
		Release|Any CPU = Release|Any CPU
	EndGlobalSection
	GlobalSection(ProjectConfigurationPlatforms) = postSolution
		{463098E9-DC81-4CC1-A646-8A959BB0E0C7}.Debug|Any CPU.ActiveCfg = Debug|Any CPU
		{463098E9-DC81-4CC1-A646-8A959BB0E0C7}.Debug|Any CPU.Build.0 = Debug|Any CPU
		{463098E9-DC81-4CC1-A646-8A959BB0E0C7}.Release|Any CPU.ActiveCfg = Release|Any CPU
		{463098E9-DC81-4CC1-A646-8A959BB0E0C7}.Release|Any CPU.Build.0 = Release|Any CPU
	EndGlobalSection
	GlobalSection(SolutionProperties) = preSolution
		HideSolutionNode = FALSE
	EndGlobalSection
	GlobalSection(ExtensibilityGlobals) = postSolution
		SolutionGuid = {EE051545-D158-4510-8EC6-DDD4451F0C3B}
	EndGlobalSection
EndGlobal
